<?xml version="1.0" encoding="utf-8"?>
<Project ToolsVersion="4.0" xmlns="http://schemas.microsoft.com/developer/msbuild/2003">
  <ItemGroup>
    <Filter Include="Source Files">
      <UniqueIdentifier>{4FC737F1-C7A5-4376-A066-2A32D752A2FF}</UniqueIdentifier>
      <Extensions>cpp;c;cc;cxx;def;odl;idl;hpj;bat;asm;asmx</Extensions>
    </Filter>
    <Filter Include="Header Files">
      <UniqueIdentifier>{93995380-89BD-4b04-88EB-625FBE52EBFB}</UniqueIdentifier>
      <Extensions>h;hh;hpp;hxx;hm;inl;inc;ipp;xsd</Extensions>
    </Filter>
    <Filter Include="Resource Files">
      <UniqueIdentifier>{67DA6AB6-F800-4c08-8B7A-83BB121AAD01}</UniqueIdentifier>
      <Extensions>rc;ico;cur;bmp;dlg;rc2;rct;bin;rgs;gif;jpg;jpeg;jpe;resx;tiff;tif;png;wav;mfcribbon-ms</Extensions>
    </Filter>
    <Filter Include="Header Files\Core">
      <UniqueIdentifier>{58a7474c-9a05-4ebd-a24d-3f4e93f09d6d}</UniqueIdentifier>
    </Filter>
    <Filter Include="Header Files\Utility">
      <UniqueIdentifier>{59239f51-39e1-472e-a463-e0aa47387c93}</UniqueIdentifier>
    </Filter>
    <Filter Include="Header Files\Input">
      <UniqueIdentifier>{ce3ea726-c428-4b7d-9459-53e1bad68a98}</UniqueIdentifier>
    </Filter>
    <Filter Include="Source Files\Core">
      <UniqueIdentifier>{71254c2f-04b5-45e5-bd6a-a5c3297f7bb5}</UniqueIdentifier>
    </Filter>
    <Filter Include="Source Files\Graphics">
      <UniqueIdentifier>{13ab8f4d-07b5-4547-a056-0ea88692f2b9}</UniqueIdentifier>
    </Filter>
    <Filter Include="Source Files\Input">
      <UniqueIdentifier>{1a30b2cc-c1d6-45c6-83fa-96d3a48dd7a7}</UniqueIdentifier>
    </Filter>
    <Filter Include="Source Files\Utility">
      <UniqueIdentifier>{e6f24f0c-a1e8-4a00-8a9c-94a4989ad907}</UniqueIdentifier>
    </Filter>
    <Filter Include="Header Files\Graphics">
      <UniqueIdentifier>{971bba21-b425-496c-9691-850b769c0baf}</UniqueIdentifier>
    </Filter>
  </ItemGroup>
  <ItemGroup>
    <ClCompile Include="src\main.cpp">
      <Filter>Source Files</Filter>
    </ClCompile>
    <ClCompile Include="src\glad.c">
      <Filter>Source Files</Filter>
    </ClCompile>
    <ClCompile Include="src\Graphics\camera.cpp">
      <Filter>Source Files\Graphics</Filter>
    </ClCompile>
    <ClCompile Include="src\engine.cpp">
      <Filter>Source Files\Core</Filter>
    </ClCompile>
    <ClCompile Include="src\core\entity_manager.cpp">
      <Filter>Source Files\Core</Filter>
    </ClCompile>
    <ClCompile Include="src\utility\glm_to_string.cpp">
      <Filter>Source Files\Utility</Filter>
    </ClCompile>
    <ClCompile Include="src\input\input.cpp">
      <Filter>Source Files\Input</Filter>
    </ClCompile>
    <ClCompile Include="src\core\memory.cpp">
      <Filter>Source Files\Core</Filter>
    </ClCompile>
    <ClCompile Include="src\Graphics\model.cpp">
      <Filter>Source Files\Graphics</Filter>
    </ClCompile>
    <ClCompile Include="src\graphics\renderer.cpp">
      <Filter>Source Files\Graphics</Filter>
    </ClCompile>
    <ClCompile Include="src\core\resource_manager.cpp">
      <Filter>Source Files\Core</Filter>
    </ClCompile>
    <ClCompile Include="src\core\script_manager.cpp">
      <Filter>Source Files\Core</Filter>
    </ClCompile>
    <ClCompile Include="src\Graphics\shader.cpp">
      <Filter>Source Files\Graphics</Filter>
    </ClCompile>
    <ClCompile Include="src\Graphics\stb_image_def.cpp">
      <Filter>Source Files\Graphics</Filter>
    </ClCompile>
    <ClCompile Include="src\Graphics\window.cpp">
      <Filter>Source Files\Graphics</Filter>
    </ClCompile>
    <ClCompile Include="src\utility\timer.cpp">
      <Filter>Source Files\Utility</Filter>
    </ClCompile>
    <ClCompile Include="src\core\linear_allocator.cpp">
      <Filter>Source Files\Core</Filter>
    </ClCompile>
    <ClCompile Include="src\utility\boolean.cpp">
      <Filter>Source Files\Utility</Filter>
    </ClCompile>
    <ClCompile Include="src\core\core.cpp">
      <Filter>Source Files\Core</Filter>
    </ClCompile>
    <ClCompile Include="src\graphics\transform.cpp">
      <Filter>Source Files\Graphics</Filter>
    </ClCompile>
    <ClCompile Include="src\graphics\transform_component_array.cpp">
      <Filter>Source Files\Graphics</Filter>
    </ClCompile>
    <ClCompile Include="src\core\prefab.cpp">
      <Filter>Source Files\Core</Filter>
    </ClCompile>
    <ClCompile Include="src\Graphics\dynamic_mesh.cpp">
      <Filter>Source Files\Graphics</Filter>
    </ClCompile>
    <ClCompile Include="src\graphics\mesh_component.cpp">
      <Filter>Source Files\Graphics</Filter>
    </ClCompile>
    <ClCompile Include="src\graphics\vertex.cpp">
      <Filter>Source Files</Filter>
    </ClCompile>
  </ItemGroup>
  <ItemGroup>
    <ClInclude Include="src\utility\boolean.h">
      <Filter>Header Files\Utility</Filter>
    </ClInclude>
    <ClInclude Include="src\Graphics\camera.h">
      <Filter>Header Files\Graphics</Filter>
    </ClInclude>
    <ClInclude Include="src\core\component_array.h">
      <Filter>Header Files\Core</Filter>
    </ClInclude>
    <ClInclude Include="src\core\component_manager.h">
      <Filter>Header Files\Core</Filter>
    </ClInclude>
    <ClInclude Include="src\core\pooled_component_allocator.h">
      <Filter>Header Files\Core</Filter>
    </ClInclude>
    <ClInclude Include="src\engine.h">
      <Filter>Header Files\Core</Filter>
    </ClInclude>
    <ClInclude Include="src\core\entity.h">
      <Filter>Header Files\Core</Filter>
    </ClInclude>
    <ClInclude Include="src\core\entity_manager.h">
      <Filter>Header Files\Core</Filter>
    </ClInclude>
    <ClInclude Include="src\core\id.h">
      <Filter>Header Files\Core</Filter>
    </ClInclude>
    <ClInclude Include="src\input\input.h">
      <Filter>Header Files\Input</Filter>
    </ClInclude>
    <ClInclude Include="src\utility\glm_to_string.h">
      <Filter>Header Files\Utility</Filter>
    </ClInclude>
    <ClInclude Include="src\graphics\mesh_component.h">
      <Filter>Header Files\Graphics</Filter>
    </ClInclude>
    <ClInclude Include="src\Graphics\model.h">
      <Filter>Header Files\Graphics</Filter>
    </ClInclude>
    <ClInclude Include="src\core\memory.h">
      <Filter>Header Files\Core</Filter>
    </ClInclude>
    <ClInclude Include="src\core\pooled_component_array.h">
      <Filter>Header Files\Core</Filter>
    </ClInclude>
    <ClInclude Include="src\graphics\renderer.h">
      <Filter>Header Files\Graphics</Filter>
    </ClInclude>
    <ClInclude Include="src\core\script_manager.h">
      <Filter>Header Files\Core</Filter>
    </ClInclude>
    <ClInclude Include="src\core\resource_manager.h">
      <Filter>Header Files\Core</Filter>
    </ClInclude>
    <ClInclude Include="src\core\script.h">
      <Filter>Header Files\Core</Filter>
    </ClInclude>
    <ClInclude Include="src\Graphics\shader.h">
      <Filter>Header Files\Graphics</Filter>
    </ClInclude>
    <ClInclude Include="src\Graphics\window.h">
      <Filter>Header Files\Graphics</Filter>
    </ClInclude>
    <ClInclude Include="src\core\linear_allocator.h">
      <Filter>Header Files\Core</Filter>
    </ClInclude>
    <ClInclude Include="src\core\subsystem.h">
      <Filter>Header Files\Core</Filter>
    </ClInclude>
    <ClInclude Include="src\utility\timer.h">
      <Filter>Header Files\Utility</Filter>
    </ClInclude>
    <ClInclude Include="include\stb_image.h">
      <Filter>Header Files\Graphics</Filter>
    </ClInclude>
    <ClInclude Include="src\core\component_allocator.h">
      <Filter>Header Files\Core</Filter>
    </ClInclude>
    <ClInclude Include="src\core\component_view.h">
      <Filter>Header Files\Core</Filter>
    </ClInclude>
    <ClInclude Include="src\core\component_iterator.h">
      <Filter>Header Files\Core</Filter>
    </ClInclude>
    <ClInclude Include="src\core\core.h">
      <Filter>Header Files\Core</Filter>
    </ClInclude>
    <ClInclude Include="src\graphics\transform_component_array.h">
      <Filter>Header Files\Graphics</Filter>
    </ClInclude>
    <ClInclude Include="src\graphics\depth_first_transform_iterator.h">
      <Filter>Header Files\Graphics</Filter>
    </ClInclude>
    <ClInclude Include="src\graphics\transform.h">
      <Filter>Header Files\Graphics</Filter>
    </ClInclude>
    <ClInclude Include="read_only_property.h">
      <Filter>Header Files\Core</Filter>
    </ClInclude>
    <ClInclude Include="src\core\component_handle.h">
      <Filter>Header Files\Core</Filter>
    </ClInclude>
    <ClInclude Include="src\utility\if_debug.h">
      <Filter>Header Files\Utility</Filter>
    </ClInclude>
    <ClInclude Include="src\core\resource_handle.h">
      <Filter>Header Files\Core</Filter>
    </ClInclude>
    <ClInclude Include="src\core\component.h">
      <Filter>Header Files\Core</Filter>
    </ClInclude>
    <ClInclude Include="src\core\prefab.h">
      <Filter>Header Files\Core</Filter>
    </ClInclude>
    <ClInclude Include="src\Graphics\dynamic_mesh.h">
      <Filter>Header Files\Graphics</Filter>
    </ClInclude>
    <ClInclude Include="src\graphics\mesh.h">
      <Filter>Header Files\Graphics</Filter>
    </ClInclude>
    <ClInclude Include="src\graphics\texture.h">
      <Filter>Header Files\Graphics</Filter>
    </ClInclude>
    <ClInclude Include="src\graphics\vertex.h">
      <Filter>Header Files\Graphics</Filter>
    </ClInclude>
  </ItemGroup>
</Project>